
Microsoft Visual Studio Solution File, Format Version 12.00
# Visual Studio Version 17
VisualStudioVersion = 17.10.34928.147
MinimumVisualStudioVersion = 10.0.40219.1
Project("{FAE04EC0-301F-11D3-BF4B-00C04F79EFBC}") = "Producer", "Producer\Producer.csproj", "{E455DB6E-946E-4F98-8903-F8552190F93F}"
EndProject
Project("{FAE04EC0-301F-11D3-BF4B-00C04F79EFBC}") = "Core", "Core\Core.csproj", "{997FB3EE-44E1-4740-9F10-8F52F68CA353}"
EndProject
Global
	GlobalSection(SolutionConfigurationPlatforms) = preSolution
		Debug|Any CPU = Debug|Any CPU
		Release|Any CPU = Release|Any CPU
	EndGlobalSection
	GlobalSection(ProjectConfigurationPlatforms) = postSolution
		{E455DB6E-946E-4F98-8903-F8552190F93F}.Debug|Any CPU.ActiveCfg = Debug|Any CPU
		{E455DB6E-946E-4F98-8903-F8552190F93F}.Debug|Any CPU.Build.0 = Debug|Any CPU
		{E455DB6E-946E-4F98-8903-F8552190F93F}.Release|Any CPU.ActiveCfg = Release|Any CPU
		{E455DB6E-946E-4F98-8903-F8552190F93F}.Release|Any CPU.Build.0 = Release|Any CPU
		{997FB3EE-44E1-4740-9F10-8F52F68CA353}.Debug|Any CPU.ActiveCfg = Debug|Any CPU
		{997FB3EE-44E1-4740-9F10-8F52F68CA353}.Debug|Any CPU.Build.0 = Debug|Any CPU
		{997FB3EE-44E1-4740-9F10-8F52F68CA353}.Release|Any CPU.ActiveCfg = Release|Any CPU
		{997FB3EE-44E1-4740-9F10-8F52F68CA353}.Release|Any CPU.Build.0 = Release|Any CPU
	EndGlobalSection
	GlobalSection(SolutionProperties) = preSolution
		HideSolutionNode = FALSE
	EndGlobalSection
	GlobalSection(ExtensibilityGlobals) = postSolution
		SolutionGuid = {CC634AF0-2D1D-4B7B-81FB-1895CFC11F6B}
	EndGlobalSection
EndGlobal
